
Microsoft Visual Studio Solution File, Format Version 12.00
# Visual Studio 15
VisualStudioVersion = 15.0.28307.136
MinimumVisualStudioVersion = 10.0.40219.1
Project("{9A19103F-16F7-4668-BE54-9A1E7A4F7556}") = "InventoryService", "InventoryService\InventoryService.csproj", "{2B05AF63-13F9-41EC-9E32-95819670A045}"
EndProject
Project("{FAE04EC0-301F-11D3-BF4B-00C04F79EFBC}") = "InventoryService.Services", "InventoryService.Services\InventoryService.Services.csproj", "{2BAE9837-2E7B-49BC-A2DA-A53690BCE82F}"
EndProject
Project("{FAE04EC0-301F-11D3-BF4B-00C04F79EFBC}") = "InventoryService.Data", "InventoryService.Data\InventoryService.Data.csproj", "{8DB0155A-4449-4F1E-B5CA-26B13F9DA5BA}"
EndProject
Global
	GlobalSection(SolutionConfigurationPlatforms) = preSolution
		Debug|Any CPU = Debug|Any CPU
		Release|Any CPU = Release|Any CPU
	EndGlobalSection
	GlobalSection(ProjectConfigurationPlatforms) = postSolution
		{2B05AF63-13F9-41EC-9E32-95819670A045}.Debug|Any CPU.ActiveCfg = Debug|Any CPU
		{2B05AF63-13F9-41EC-9E32-95819670A045}.Debug|Any CPU.Build.0 = Debug|Any CPU
		{2B05AF63-13F9-41EC-9E32-95819670A045}.Release|Any CPU.ActiveCfg = Release|Any CPU
		{2B05AF63-13F9-41EC-9E32-95819670A045}.Release|Any CPU.Build.0 = Release|Any CPU
		{2BAE9837-2E7B-49BC-A2DA-A53690BCE82F}.Debug|Any CPU.ActiveCfg = Debug|Any CPU
		{2BAE9837-2E7B-49BC-A2DA-A53690BCE82F}.Debug|Any CPU.Build.0 = Debug|Any CPU
		{2BAE9837-2E7B-49BC-A2DA-A53690BCE82F}.Release|Any CPU.ActiveCfg = Release|Any CPU
		{2BAE9837-2E7B-49BC-A2DA-A53690BCE82F}.Release|Any CPU.Build.0 = Release|Any CPU
		{8DB0155A-4449-4F1E-B5CA-26B13F9DA5BA}.Debug|Any CPU.ActiveCfg = Debug|Any CPU
		{8DB0155A-4449-4F1E-B5CA-26B13F9DA5BA}.Debug|Any CPU.Build.0 = Debug|Any CPU
		{8DB0155A-4449-4F1E-B5CA-26B13F9DA5BA}.Release|Any CPU.ActiveCfg = Release|Any CPU
		{8DB0155A-4449-4F1E-B5CA-26B13F9DA5BA}.Release|Any CPU.Build.0 = Release|Any CPU
	EndGlobalSection
	GlobalSection(SolutionProperties) = preSolution
		HideSolutionNode = FALSE
	EndGlobalSection
	GlobalSection(ExtensibilityGlobals) = postSolution
		SolutionGuid = {054647C7-686A-4B9A-A1F9-961501D94253}
	EndGlobalSection
EndGlobal
